// !$*UTF8*$!
{
	archiveVersion = 1;
	classes = {
	};
	objectVersion = 56;
	objects = {

/* Begin PBXBuildFile section */
		5619185D29AAD518005BA94E /* AppDelegate.swift in Sources */ = {isa = PBXBuildFile; fileRef = 5619185C29AAD518005BA94E /* AppDelegate.swift */; };
		5619185F29AAD518005BA94E /* SceneDelegate.swift in Sources */ = {isa = PBXBuildFile; fileRef = 5619185E29AAD518005BA94E /* SceneDelegate.swift */; };
		5619186129AAD518005BA94E /* ViewController.swift in Sources */ = {isa = PBXBuildFile; fileRef = 5619186029AAD518005BA94E /* ViewController.swift */; };
		5619186929AAD519005BA94E /* LaunchScreen.storyboard in Resources */ = {isa = PBXBuildFile; fileRef = 5619186729AAD519005BA94E /* LaunchScreen.storyboard */; };
		5619187329AAD651005BA94E /* Assets.xcassets in Resources */ = {isa = PBXBuildFile; fileRef = 5619187229AAD651005BA94E /* Assets.xcassets */; };
		5619187629AAD668005BA94E /* dark_background.pdf in Resources */ = {isa = PBXBuildFile; fileRef = 5619187429AAD668005BA94E /* dark_background.pdf */; };
		5619187729AAD668005BA94E /* light_background.pdf in Resources */ = {isa = PBXBuildFile; fileRef = 5619187529AAD668005BA94E /* light_background.pdf */; };
		5619188E29ACBDBA005BA94E /* WeatherManager.swift in Sources */ = {isa = PBXBuildFile; fileRef = 5619188D29ACBDBA005BA94E /* WeatherManager.swift */; };
		5619189029ACCDAF005BA94E /* WeatherData.swift in Sources */ = {isa = PBXBuildFile; fileRef = 5619188F29ACCDAF005BA94E /* WeatherData.swift */; };
		5619189229ACD66E005BA94E /* WeatherModel.swift in Sources */ = {isa = PBXBuildFile; fileRef = 5619189129ACD66E005BA94E /* WeatherModel.swift */; };
		56D68D6029B0EF51008F9FAB /* README.md in Resources */ = {isa = PBXBuildFile; fileRef = 56D68D5F29B0EF51008F9FAB /* README.md */; };
		56D68D6529B0F24F008F9FAB /* Screenshot 2023-03-02 at 21.02.49.png in Resources */ = {isa = PBXBuildFile; fileRef = 56D68D6229B0F24F008F9FAB /* Screenshot 2023-03-02 at 21.02.49.png */; };
		56D68D6629B0F24F008F9FAB /* Screenshot 2023-03-02 at 21.03.13.png in Resources */ = {isa = PBXBuildFile; fileRef = 56D68D6329B0F24F008F9FAB /* Screenshot 2023-03-02 at 21.03.13.png */; };
		56D68D6729B0F24F008F9FAB /* Screenshot 2023-03-02 at 21.03.09.png in Resources */ = {isa = PBXBuildFile; fileRef = 56D68D6429B0F24F008F9FAB /* Screenshot 2023-03-02 at 21.03.09.png */; };
/* End PBXBuildFile section */

/* Begin PBXFileReference section */
		5619185929AAD518005BA94E /* Climat.app */ = {isa = PBXFileReference; explicitFileType = wrapper.application; includeInIndex = 0; path = Climat.app; sourceTree = BUILT_PRODUCTS_DIR; };
		5619185C29AAD518005BA94E /* AppDelegate.swift */ = {isa = PBXFileReference; lastKnownFileType = sourcecode.swift; path = AppDelegate.swift; sourceTree = "<group>"; };
		5619185E29AAD518005BA94E /* SceneDelegate.swift */ = {isa = PBXFileReference; lastKnownFileType = sourcecode.swift; path = SceneDelegate.swift; sourceTree = "<group>"; };
		5619186029AAD518005BA94E /* ViewController.swift */ = {isa = PBXFileReference; lastKnownFileType = sourcecode.swift; path = ViewController.swift; sourceTree = "<group>"; };
		5619186829AAD519005BA94E /* Base */ = {isa = PBXFileReference; lastKnownFileType = file.storyboard; name = Base; path = Base.lproj/LaunchScreen.storyboard; sourceTree = "<group>"; };
		5619186A29AAD519005BA94E /* Info.plist */ = {isa = PBXFileReference; lastKnownFileType = text.plist.xml; path = Info.plist; sourceTree = "<group>"; };
		5619187229AAD651005BA94E /* Assets.xcassets */ = {isa = PBXFileReference; lastKnownFileType = folder.assetcatalog; path = Assets.xcassets; sourceTree = "<group>"; };
		5619187429AAD668005BA94E /* dark_background.pdf */ = {isa = PBXFileReference; lastKnownFileType = image.pdf; path = dark_background.pdf; sourceTree = "<group>"; };
		5619187529AAD668005BA94E /* light_background.pdf */ = {isa = PBXFileReference; lastKnownFileType = image.pdf; path = light_background.pdf; sourceTree = "<group>"; };
		5619188D29ACBDBA005BA94E /* WeatherManager.swift */ = {isa = PBXFileReference; lastKnownFileType = sourcecode.swift; path = WeatherManager.swift; sourceTree = "<group>"; };
		5619188F29ACCDAF005BA94E /* WeatherData.swift */ = {isa = PBXFileReference; lastKnownFileType = sourcecode.swift; path = WeatherData.swift; sourceTree = "<group>"; };
		5619189129ACD66E005BA94E /* WeatherModel.swift */ = {isa = PBXFileReference; lastKnownFileType = sourcecode.swift; path = WeatherModel.swift; sourceTree = "<group>"; };
		56D68D5F29B0EF51008F9FAB /* README.md */ = {isa = PBXFileReference; lastKnownFileType = net.daringfireball.markdown; path = README.md; sourceTree = "<group>"; };
		56D68D6229B0F24F008F9FAB /* Screenshot 2023-03-02 at 21.02.49.png */ = {isa = PBXFileReference; lastKnownFileType = image.png; path = "Screenshot 2023-03-02 at 21.02.49.png"; sourceTree = "<group>"; };
		56D68D6329B0F24F008F9FAB /* Screenshot 2023-03-02 at 21.03.13.png */ = {isa = PBXFileReference; lastKnownFileType = image.png; path = "Screenshot 2023-03-02 at 21.03.13.png"; sourceTree = "<group>"; };
		56D68D6429B0F24F008F9FAB /* Screenshot 2023-03-02 at 21.03.09.png */ = {isa = PBXFileReference; lastKnownFileType = image.png; path = "Screenshot 2023-03-02 at 21.03.09.png"; sourceTree = "<group>"; };
/* End PBXFileReference section */

/* Begin PBXFrameworksBuildPhase section */
		5619185629AAD518005BA94E /* Frameworks */ = {
			isa = PBXFrameworksBuildPhase;
			buildActionMask = 2147483647;
			files = (
			);
			runOnlyForDeploymentPostprocessing = 0;
		};
/* End PBXFrameworksBuildPhase section */

/* Begin PBXGroup section */
		5619185029AAD518005BA94E = {
			isa = PBXGroup;
			children = (
				56D68D5F29B0EF51008F9FAB /* README.md */,
				5619185B29AAD518005BA94E /* Climat */,
				5619185A29AAD518005BA94E /* Products */,
			);
			sourceTree = "<group>";
		};
		5619185A29AAD518005BA94E /* Products */ = {
			isa = PBXGroup;
			children = (
				5619185929AAD518005BA94E /* Climat.app */,
			);
			name = Products;
			sourceTree = "<group>";
		};
		5619185B29AAD518005BA94E /* Climat */ = {
			isa = PBXGroup;
			children = (
				56D68D6129B0F1F8008F9FAB /* screenshots */,
				5619185C29AAD518005BA94E /* AppDelegate.swift */,
				5619185E29AAD518005BA94E /* SceneDelegate.swift */,
				5619188C29ACBDA3005BA94E /* Model */,
				5619188B29ACBD91005BA94E /* Contorllers */,
				5619187229AAD651005BA94E /* Assets.xcassets */,
				5619187429AAD668005BA94E /* dark_background.pdf */,
				5619187529AAD668005BA94E /* light_background.pdf */,
				5619186729AAD519005BA94E /* LaunchScreen.storyboard */,
				5619186A29AAD519005BA94E /* Info.plist */,
			);
			path = Climat;
			sourceTree = "<group>";
		};
		5619188B29ACBD91005BA94E /* Contorllers */ = {
			isa = PBXGroup;
			children = (
				5619186029AAD518005BA94E /* ViewController.swift */,
			);
			path = Contorllers;
			sourceTree = "<group>";
		};
		5619188C29ACBDA3005BA94E /* Model */ = {
			isa = PBXGroup;
			children = (
				5619188D29ACBDBA005BA94E /* WeatherManager.swift */,
				5619188F29ACCDAF005BA94E /* WeatherData.swift */,
				5619189129ACD66E005BA94E /* WeatherModel.swift */,
			);
			path = Model;
			sourceTree = "<group>";
		};
		56D68D6129B0F1F8008F9FAB /* screenshots */ = {
			isa = PBXGroup;
			children = (
				56D68D6229B0F24F008F9FAB /* Screenshot 2023-03-02 at 21.02.49.png */,
				56D68D6429B0F24F008F9FAB /* Screenshot 2023-03-02 at 21.03.09.png */,
				56D68D6329B0F24F008F9FAB /* Screenshot 2023-03-02 at 21.03.13.png */,
			);
			path = screenshots;
			sourceTree = "<group>";
		};
/* End PBXGroup section */

/* Begin PBXNativeTarget section */
		5619185829AAD518005BA94E /* Climat */ = {
			isa = PBXNativeTarget;
			buildConfigurationList = 5619186D29AAD519005BA94E /* Build configuration list for PBXNativeTarget "Climat" */;
			buildPhases = (
				5619185529AAD518005BA94E /* Sources */,
				5619185629AAD518005BA94E /* Frameworks */,
				5619185729AAD518005BA94E /* Resources */,
			);
			buildRules = (
			);
			dependencies = (
			);
			name = Climat;
			productName = Climat;
			productReference = 5619185929AAD518005BA94E /* Climat.app */;
			productType = "com.apple.product-type.application";
		};
/* End PBXNativeTarget section */

/* Begin PBXProject section */
		5619185129AAD518005BA94E /* Project object */ = {
			isa = PBXProject;
			attributes = {
				BuildIndependentTargetsInParallel = 1;
				LastSwiftUpdateCheck = 1420;
				LastUpgradeCheck = 1420;
				TargetAttributes = {
					5619185829AAD518005BA94E = {
						CreatedOnToolsVersion = 14.2;
					};
				};
			};
			buildConfigurationList = 5619185429AAD518005BA94E /* Build configuration list for PBXProject "Climat" */;
			compatibilityVersion = "Xcode 14.0";
			developmentRegion = en;
			hasScannedForEncodings = 0;
			knownRegions = (
				en,
				Base,
			);
			mainGroup = 5619185029AAD518005BA94E;
			productRefGroup = 5619185A29AAD518005BA94E /* Products */;
			projectDirPath = "";
			projectRoot = "";
			targets = (
				5619185829AAD518005BA94E /* Climat */,
			);
		};
/* End PBXProject section */

/* Begin PBXResourcesBuildPhase section */
		5619185729AAD518005BA94E /* Resources */ = {
			isa = PBXResourcesBuildPhase;
			buildActionMask = 2147483647;
			files = (
				56D68D6629B0F24F008F9FAB /* Screenshot 2023-03-02 at 21.03.13.png in Resources */,
				5619187629AAD668005BA94E /* dark_background.pdf in Resources */,
				56D68D6529B0F24F008F9FAB /* Screenshot 2023-03-02 at 21.02.49.png in Resources */,
				5619187329AAD651005BA94E /* Assets.xcassets in Resources */,
				56D68D6729B0F24F008F9FAB /* Screenshot 2023-03-02 at 21.03.09.png in Resources */,
				56D68D6029B0EF51008F9FAB /* README.md in Resources */,
				5619186929AAD519005BA94E /* LaunchScreen.storyboard in Resources */,
				5619187729AAD668005BA94E /* light_background.pdf in Resources */,
			);
			runOnlyForDeploymentPostprocessing = 0;
		};
/* End PBXResourcesBuildPhase section */

/* Begin PBXSourcesBuildPhase section */
		5619185529AAD518005BA94E /* Sources */ = {
			isa = PBXSourcesBuildPhase;
			buildActionMask = 2147483647;
			files = (
				5619186129AAD518005BA94E /* ViewController.swift in Sources */,
				5619189029ACCDAF005BA94E /* WeatherData.swift in Sources */,
				5619185D29AAD518005BA94E /* AppDelegate.swift in Sources */,
				5619188E29ACBDBA005BA94E /* WeatherManager.swift in Sources */,
				5619189229ACD66E005BA94E /* WeatherModel.swift in Sources */,
				5619185F29AAD518005BA94E /* SceneDelegate.swift in Sources */,
			);
			runOnlyForDeploymentPostprocessing = 0;
		};
/* End PBXSourcesBuildPhase section */

/* Begin PBXVariantGroup section */
		5619186729AAD519005BA94E /* LaunchScreen.storyboard */ = {
			isa = PBXVariantGroup;
			children = (
				5619186829AAD519005BA94E /* Base */,
			);
			name = LaunchScreen.storyboard;
			sourceTree = "<group>";
		};
/* End PBXVariantGroup section */

/* Begin XCBuildConfiguration section */
		5619186B29AAD519005BA94E /* Debug */ = {
			isa = XCBuildConfiguration;
			buildSettings = {
				ALWAYS_SEARCH_USER_PATHS = NO;
				CLANG_ANALYZER_NONNULL = YES;
				CLANG_ANALYZER_NUMBER_OBJECT_CONVERSION = YES_AGGRESSIVE;
				CLANG_CXX_LANGUAGE_STANDARD = "gnu++20";
				CLANG_ENABLE_MODULES = YES;
				CLANG_ENABLE_OBJC_ARC = YES;
				CLANG_ENABLE_OBJC_WEAK = YES;
				CLANG_WARN_BLOCK_CAPTURE_AUTORELEASING = YES;
				CLANG_WARN_BOOL_CONVERSION = YES;
				CLANG_WARN_COMMA = YES;
				CLANG_WARN_CONSTANT_CONVERSION = YES;
				CLANG_WARN_DEPRECATED_OBJC_IMPLEMENTATIONS = YES;
				CLANG_WARN_DIRECT_OBJC_ISA_USAGE = YES_ERROR;
				CLANG_WARN_DOCUMENTATION_COMMENTS = YES;
				CLANG_WARN_EMPTY_BODY = YES;
				CLANG_WARN_ENUM_CONVERSION = YES;
				CLANG_WARN_INFINITE_RECURSION = YES;
				CLANG_WARN_INT_CONVERSION = YES;
				CLANG_WARN_NON_LITERAL_NULL_CONVERSION = YES;
				CLANG_WARN_OBJC_IMPLICIT_RETAIN_SELF = YES;
				CLANG_WARN_OBJC_LITERAL_CONVERSION = YES;
				CLANG_WARN_OBJC_ROOT_CLASS = YES_ERROR;
				CLANG_WARN_QUOTED_INCLUDE_IN_FRAMEWORK_HEADER = YES;
				CLANG_WARN_RANGE_LOOP_ANALYSIS = YES;
				CLANG_WARN_STRICT_PROTOTYPES = YES;
				CLANG_WARN_SUSPICIOUS_MOVE = YES;
				CLANG_WARN_UNGUARDED_AVAILABILITY = YES_AGGRESSIVE;
				CLANG_WARN_UNREACHABLE_CODE = YES;
				CLANG_WARN__DUPLICATE_METHOD_MATCH = YES;
				COPY_PHASE_STRIP = NO;
				DEBUG_INFORMATION_FORMAT = dwarf;
				ENABLE_STRICT_OBJC_MSGSEND = YES;
				ENABLE_TESTABILITY = YES;
				GCC_C_LANGUAGE_STANDARD = gnu11;
				GCC_DYNAMIC_NO_PIC = NO;
				GCC_NO_COMMON_BLOCKS = YES;
				GCC_OPTIMIZATION_LEVEL = 0;
				GCC_PREPROCESSOR_DEFINITIONS = (
					"DEBUG=1",
					"$(inherited)",
				);
				GCC_WARN_64_TO_32_BIT_CONVERSION = YES;
				GCC_WARN_ABOUT_RETURN_TYPE = YES_ERROR;
				GCC_WARN_UNDECLARED_SELECTOR = YES;
				GCC_WARN_UNINITIALIZED_AUTOS = YES_AGGRESSIVE;
				GCC_WARN_UNUSED_FUNCTION = YES;
				GCC_WARN_UNUSED_VARIABLE = YES;
				IPHONEOS_DEPLOYMENT_TARGET = 16.2;
				MTL_ENABLE_DEBUG_INFO = INCLUDE_SOURCE;
				MTL_FAST_MATH = YES;
				ONLY_ACTIVE_ARCH = YES;
				SDKROOT = iphoneos;
				SWIFT_ACTIVE_COMPILATION_CONDITIONS = DEBUG;
				SWIFT_OPTIMIZATION_LEVEL = "-Onone";
			};
			name = Debug;
		};
		5619186C29AAD519005BA94E /* Release */ = {
			isa = XCBuildConfiguration;
			buildSettings = {
				ALWAYS_SEARCH_USER_PATHS = NO;
				CLANG_ANALYZER_NONNULL = YES;
				CLANG_ANALYZER_NUMBER_OBJECT_CONVERSION = YES_AGGRESSIVE;
				CLANG_CXX_LANGUAGE_STANDARD = "gnu++20";
				CLANG_ENABLE_MODULES = YES;
				CLANG_ENABLE_OBJC_ARC = YES;
				CLANG_ENABLE_OBJC_WEAK = YES;
				CLANG_WARN_BLOCK_CAPTURE_AUTORELEASING = YES;
				CLANG_WARN_BOOL_CONVERSION = YES;
				CLANG_WARN_COMMA = YES;
				CLANG_WARN_CONSTANT_CONVERSION = YES;
				CLANG_WARN_DEPRECATED_OBJC_IMPLEMENTATIONS = YES;
				CLANG_WARN_DIRECT_OBJC_ISA_USAGE = YES_ERROR;
				CLANG_WARN_DOCUMENTATION_COMMENTS = YES;
				CLANG_WARN_EMPTY_BODY = YES;
				CLANG_WARN_ENUM_CONVERSION = YES;
				CLANG_WARN_INFINITE_RECURSION = YES;
				CLANG_WARN_INT_CONVERSION = YES;
				CLANG_WARN_NON_LITERAL_NULL_CONVERSION = YES;
				CLANG_WARN_OBJC_IMPLICIT_RETAIN_SELF = YES;
				CLANG_WARN_OBJC_LITERAL_CONVERSION = YES;
				CLANG_WARN_OBJC_ROOT_CLASS = YES_ERROR;
				CLANG_WARN_QUOTED_INCLUDE_IN_FRAMEWORK_HEADER = YES;
				CLANG_WARN_RANGE_LOOP_ANALYSIS = YES;
				CLANG_WARN_STRICT_PROTOTYPES = YES;
				CLANG_WARN_SUSPICIOUS_MOVE = YES;
				CLANG_WARN_UNGUARDED_AVAILABILITY = YES_AGGRESSIVE;
				CLANG_WARN_UNREACHABLE_CODE = YES;
				CLANG_WARN__DUPLICATE_METHOD_MATCH = YES;
				COPY_PHASE_STRIP = NO;
				DEBUG_INFORMATION_FORMAT = "dwarf-with-dsym";
				ENABLE_NS_ASSERTIONS = NO;
				ENABLE_STRICT_OBJC_MSGSEND = YES;
				GCC_C_LANGUAGE_STANDARD = gnu11;
				GCC_NO_COMMON_BLOCKS = YES;
				GCC_WARN_64_TO_32_BIT_CONVERSION = YES;
				GCC_WARN_ABOUT_RETURN_TYPE = YES_ERROR;
				GCC_WARN_UNDECLARED_SELECTOR = YES;
				GCC_WARN_UNINITIALIZED_AUTOS = YES_AGGRESSIVE;
				GCC_WARN_UNUSED_FUNCTION = YES;
				GCC_WARN_UNUSED_VARIABLE = YES;
				IPHONEOS_DEPLOYMENT_TARGET = 16.2;
				MTL_ENABLE_DEBUG_INFO = NO;
				MTL_FAST_MATH = YES;
				SDKROOT = iphoneos;
				SWIFT_COMPILATION_MODE = wholemodule;
				SWIFT_OPTIMIZATION_LEVEL = "-O";
				VALIDATE_PRODUCT = YES;
			};
			name = Release;
		};
		5619186E29AAD519005BA94E /* Debug */ = {
			isa = XCBuildConfiguration;
			buildSettings = {
				ASSETCATALOG_COMPILER_APPICON_NAME = AppIcon;
				ASSETCATALOG_COMPILER_GLOBAL_ACCENT_COLOR_NAME = AccentColor;
				CODE_SIGN_STYLE = Automatic;
				CURRENT_PROJECT_VERSION = 1;
				GENERATE_INFOPLIST_FILE = YES;
				INFOPLIST_FILE = Climat/Info.plist;
				INFOPLIST_KEY_UIApplicationSupportsIndirectInputEvents = YES;
				INFOPLIST_KEY_UILaunchStoryboardName = LaunchScreen;
				INFOPLIST_KEY_UISupportedInterfaceOrientations_iPad = "UIInterfaceOrientationPortrait UIInterfaceOrientationPortraitUpsideDown UIInterfaceOrientationLandscapeLeft UIInterfaceOrientationLandscapeRight";
				INFOPLIST_KEY_UISupportedInterfaceOrientations_iPhone = "UIInterfaceOrientationPortrait UIInterfaceOrientationLandscapeLeft UIInterfaceOrientationLandscapeRight";
				IPHONEOS_DEPLOYMENT_TARGET = 14.0;
				LD_RUNPATH_SEARCH_PATHS = (
					"$(inherited)",
					"@executable_path/Frameworks",
				);
				MARKETING_VERSION = 1.0;
				PRODUCT_BUNDLE_IDENTIFIER = "Altynbek-Dimoon.test.Climat";
				PRODUCT_NAME = "$(TARGET_NAME)";
				SWIFT_EMIT_LOC_STRINGS = YES;
				SWIFT_VERSION = 5.0;
				TARGETED_DEVICE_FAMILY = "1,2";
			};
			name = Debug;
		};
		5619186F29AAD519005BA94E /* Release */ = {
			isa = XCBuildConfiguration;
			buildSettings = {
				ASSETCATALOG_COMPILER_APPICON_NAME = AppIcon;
				ASSETCATALOG_COMPILER_GLOBAL_ACCENT_COLOR_NAME = AccentColor;
				CODE_SIGN_STYLE = Automatic;
				CURRENT_PROJECT_VERSION = 1;
				GENERATE_INFOPLIST_FILE = YES;
				INFOPLIST_FILE = Climat/Info.plist;
				INFOPLIST_KEY_UIApplicationSupportsIndirectInputEvents = YES;
				INFOPLIST_KEY_UILaunchStoryboardName = LaunchScreen;
				INFOPLIST_KEY_UISupportedInterfaceOrientations_iPad = "UIInterfaceOrientationPortrait UIInterfaceOrientationPortraitUpsideDown UIInterfaceOrientationLandscapeLeft UIInterfaceOrientationLandscapeRight";
				INFOPLIST_KEY_UISupportedInterfaceOrientations_iPhone = "UIInterfaceOrientationPortrait UIInterfaceOrientationLandscapeLeft UIInterfaceOrientationLandscapeRight";
				IPHONEOS_DEPLOYMENT_TARGET = 14.0;
				LD_RUNPATH_SEARCH_PATHS = (
					"$(inherited)",
					"@executable_path/Frameworks",
				);
				MARKETING_VERSION = 1.0;
				PRODUCT_BUNDLE_IDENTIFIER = "Altynbek-Dimoon.test.Climat";
				PRODUCT_NAME = "$(TARGET_NAME)";
				SWIFT_EMIT_LOC_STRINGS = YES;
				SWIFT_VERSION = 5.0;
				TARGETED_DEVICE_FAMILY = "1,2";
			};
			name = Release;
		};
/* End XCBuildConfiguration section */

/* Begin XCConfigurationList section */
		5619185429AAD518005BA94E /* Build configuration list for PBXProject "Climat" */ = {
			isa = XCConfigurationList;
			buildConfigurations = (
				5619186B29AAD519005BA94E /* Debug */,
				5619186C29AAD519005BA94E /* Release */,
			);
			defaultConfigurationIsVisible = 0;
			defaultConfigurationName = Release;
		};
		5619186D29AAD519005BA94E /* Build configuration list for PBXNativeTarget "Climat" */ = {
			isa = XCConfigurationList;
			buildConfigurations = (
				5619186E29AAD519005BA94E /* Debug */,
				5619186F29AAD519005BA94E /* Release */,
			);
			defaultConfigurationIsVisible = 0;
			defaultConfigurationName = Release;
		};
/* End XCConfigurationList section */
	};
	rootObject = 5619185129AAD518005BA94E /* Project object */;
}
